// !$*UTF8*$!
{
	archiveVersion = 1;
	classes = {
	};
	objectVersion = 56;
	objects = {

/* Begin PBXBuildFile section */
		D3CD4F486E2BBFF141882502 /* SteadyApp.swift in Sources */ = {isa = PBXBuildFile; fileRef = D3CD4F486E2BBFF141882500 /* SteadyApp.swift */; };
		D3CD4F486E2BBFF141882503 /* AppDelegate.swift in Sources */ = {isa = PBXBuildFile; fileRef = D3CD4F486E2BBFF141882501 /* AppDelegate.swift */; };
		D3CD4F486E2BBFF141882504 /* AppState.swift in Sources */ = {isa = PBXBuildFile; fileRef = D3CD4F486E2BBFF141882502 /* AppState.swift */; };
		D3CD4F486E2BBFF141882505 /* Intention.swift in Sources */ = {isa = PBXBuildFile; fileRef = D3CD4F486E2BBFF141882503 /* Intention.swift */; };
		D3CD4F486E2BBFF141882506 /* Session.swift in Sources */ = {isa = PBXBuildFile; fileRef = D3CD4F486E2BBFF141882504 /* Session.swift */; };
		D3CD4F486E2BBFF141882507 /* ConversationTurn.swift in Sources */ = {isa = PBXBuildFile; fileRef = D3CD4F486E2BBFF141882505 /* ConversationTurn.swift */; };
		D3CD4F486E2BBFF141882508 /* URLClassification.swift in Sources */ = {isa = PBXBuildFile; fileRef = D3CD4F486E2BBFF141882506 /* URLClassification.swift */; };
		D3CD4F486E2BBFF141882509 /* LLMConfig.swift in Sources */ = {isa = PBXBuildFile; fileRef = D3CD4F486E2BBFF141882507 /* LLMConfig.swift */; };
		D3CD4F486E2BBFF141882510 /* LLMProvider.swift in Sources */ = {isa = PBXBuildFile; fileRef = D3CD4F486E2BBFF141882508 /* LLMProvider.swift */; };
		D3CD4F486E2BBFF141882511 /* ConversationEngine.swift in Sources */ = {isa = PBXBuildFile; fileRef = D3CD4F486E2BBFF141882509 /* ConversationEngine.swift */; };
		D3CD4F486E2BBFF141882512 /* URLTracker.swift in Sources */ = {isa = PBXBuildFile; fileRef = D3CD4F486E2BBFF141882510 /* URLTracker.swift */; };
		D3CD4F486E2BBFF141882513 /* SessionManager.swift in Sources */ = {isa = PBXBuildFile; fileRef = D3CD4F486E2BBFF141882511 /* SessionManager.swift */; };
		D3CD4F486E2BBFF141882514 /* NotificationManager.swift in Sources */ = {isa = PBXBuildFile; fileRef = D3CD4F486E2BBFF141882512 /* NotificationManager.swift */; };
		D3CD4F486E2BBFF141882515 /* HotkeyManager.swift in Sources */ = {isa = PBXBuildFile; fileRef = D3CD4F486E2BBFF141882513 /* HotkeyManager.swift */; };
		D3CD4F486E2BBFF141882516 /* ObsidianSync.swift in Sources */ = {isa = PBXBuildFile; fileRef = D3CD4F486E2BBFF141882514 /* ObsidianSync.swift */; };
		D3CD4F486E2BBFF141882517 /* MenuBarController.swift in Sources */ = {isa = PBXBuildFile; fileRef = D3CD4F486E2BBFF141882515 /* MenuBarController.swift */; };
		D3CD4F486E2BBFF141882518 /* ConversationPanel.swift in Sources */ = {isa = PBXBuildFile; fileRef = D3CD4F486E2BBFF141882516 /* ConversationPanel.swift */; };
		D3CD4F486E2BBFF141882519 /* IntentionCard.swift in Sources */ = {isa = PBXBuildFile; fileRef = D3CD4F486E2BBFF141882517 /* IntentionCard.swift */; };
		D3CD4F486E2BBFF141882520 /* SessionTimer.swift in Sources */ = {isa = PBXBuildFile; fileRef = D3CD4F486E2BBFF141882518 /* SessionTimer.swift */; };
		D3CD4F486E2BBFF141882521 /* EnergySlider.swift in Sources */ = {isa = PBXBuildFile; fileRef = D3CD4F486E2BBFF141882519 /* EnergySlider.swift */; };
		D3CD4F486E2BBFF141882522 /* StrictnessSelector.swift in Sources */ = {isa = PBXBuildFile; fileRef = D3CD4F486E2BBFF141882520 /* StrictnessSelector.swift */; };
		D3CD4F486E2BBFF141882523 /* KeychainHelper.swift in Sources */ = {isa = PBXBuildFile; fileRef = D3CD4F486E2BBFF141882521 /* KeychainHelper.swift */; };
		D3CD4F486E2BBFF141882524 /* AXHelpers.swift in Sources */ = {isa = PBXBuildFile; fileRef = D3CD4F486E2BBFF141882522 /* AXHelpers.swift */; };
		D3CD4F486E2BBFF141882525 /* MarkdownFormatter.swift in Sources */ = {isa = PBXBuildFile; fileRef = D3CD4F486E2BBFF141882523 /* MarkdownFormatter.swift */; };
/* End PBXBuildFile section */

/* Begin PBXFileReference section */
		5C0F877E54C4166200DDB088 /* Steady.app */ = {isa = PBXFileReference; explicitFileType = wrapper.application; includeInIndex = 0; path = Steady.app; sourceTree = BUILT_PRODUCTS_DIR; };
		D3CD4F486E2BBFF141882500 /* SteadyApp.swift */ = {isa = PBXFileReference; lastKnownFileType = sourcecode.swift; path = SteadyApp.swift; sourceTree = "<group>"; };
		D3CD4F486E2BBFF141882501 /* AppDelegate.swift */ = {isa = PBXFileReference; lastKnownFileType = sourcecode.swift; path = AppDelegate.swift; sourceTree = "<group>"; };
		D3CD4F486E2BBFF141882502 /* AppState.swift */ = {isa = PBXFileReference; lastKnownFileType = sourcecode.swift; path = AppState.swift; sourceTree = "<group>"; };
		D3CD4F486E2BBFF141882503 /* Intention.swift */ = {isa = PBXFileReference; lastKnownFileType = sourcecode.swift; path = Intention.swift; sourceTree = "<group>"; };
		D3CD4F486E2BBFF141882504 /* Session.swift */ = {isa = PBXFileReference; lastKnownFileType = sourcecode.swift; path = Session.swift; sourceTree = "<group>"; };
		D3CD4F486E2BBFF141882505 /* ConversationTurn.swift */ = {isa = PBXFileReference; lastKnownFileType = sourcecode.swift; path = ConversationTurn.swift; sourceTree = "<group>"; };
		D3CD4F486E2BBFF141882506 /* URLClassification.swift */ = {isa = PBXFileReference; lastKnownFileType = sourcecode.swift; path = URLClassification.swift; sourceTree = "<group>"; };
		D3CD4F486E2BBFF141882507 /* LLMConfig.swift */ = {isa = PBXFileReference; lastKnownFileType = sourcecode.swift; path = LLMConfig.swift; sourceTree = "<group>"; };
		D3CD4F486E2BBFF141882508 /* LLMProvider.swift */ = {isa = PBXFileReference; lastKnownFileType = sourcecode.swift; path = LLMProvider.swift; sourceTree = "<group>"; };
		D3CD4F486E2BBFF141882509 /* ConversationEngine.swift */ = {isa = PBXFileReference; lastKnownFileType = sourcecode.swift; path = ConversationEngine.swift; sourceTree = "<group>"; };
		D3CD4F486E2BBFF141882510 /* URLTracker.swift */ = {isa = PBXFileReference; lastKnownFileType = sourcecode.swift; path = URLTracker.swift; sourceTree = "<group>"; };
		D3CD4F486E2BBFF141882511 /* SessionManager.swift */ = {isa = PBXFileReference; lastKnownFileType = sourcecode.swift; path = SessionManager.swift; sourceTree = "<group>"; };
		D3CD4F486E2BBFF141882512 /* NotificationManager.swift */ = {isa = PBXFileReference; lastKnownFileType = sourcecode.swift; path = NotificationManager.swift; sourceTree = "<group>"; };
		D3CD4F486E2BBFF141882513 /* HotkeyManager.swift */ = {isa = PBXFileReference; lastKnownFileType = sourcecode.swift; path = HotkeyManager.swift; sourceTree = "<group>"; };
		D3CD4F486E2BBFF141882514 /* ObsidianSync.swift */ = {isa = PBXFileReference; lastKnownFileType = sourcecode.swift; path = ObsidianSync.swift; sourceTree = "<group>"; };
		D3CD4F486E2BBFF141882515 /* MenuBarController.swift */ = {isa = PBXFileReference; lastKnownFileType = sourcecode.swift; path = MenuBarController.swift; sourceTree = "<group>"; };
		D3CD4F486E2BBFF141882516 /* ConversationPanel.swift */ = {isa = PBXFileReference; lastKnownFileType = sourcecode.swift; path = ConversationPanel.swift; sourceTree = "<group>"; };
		D3CD4F486E2BBFF141882517 /* IntentionCard.swift */ = {isa = PBXFileReference; lastKnownFileType = sourcecode.swift; path = IntentionCard.swift; sourceTree = "<group>"; };
		D3CD4F486E2BBFF141882518 /* SessionTimer.swift */ = {isa = PBXFileReference; lastKnownFileType = sourcecode.swift; path = SessionTimer.swift; sourceTree = "<group>"; };
		D3CD4F486E2BBFF141882519 /* EnergySlider.swift */ = {isa = PBXFileReference; lastKnownFileType = sourcecode.swift; path = EnergySlider.swift; sourceTree = "<group>"; };
		D3CD4F486E2BBFF141882520 /* StrictnessSelector.swift */ = {isa = PBXFileReference; lastKnownFileType = sourcecode.swift; path = StrictnessSelector.swift; sourceTree = "<group>"; };
		D3CD4F486E2BBFF141882521 /* KeychainHelper.swift */ = {isa = PBXFileReference; lastKnownFileType = sourcecode.swift; path = KeychainHelper.swift; sourceTree = "<group>"; };
		D3CD4F486E2BBFF141882522 /* AXHelpers.swift */ = {isa = PBXFileReference; lastKnownFileType = sourcecode.swift; path = AXHelpers.swift; sourceTree = "<group>"; };
		D3CD4F486E2BBFF141882523 /* MarkdownFormatter.swift */ = {isa = PBXFileReference; lastKnownFileType = sourcecode.swift; path = MarkdownFormatter.swift; sourceTree = "<group>"; };
/* End PBXFileReference section */

/* Begin PBXFrameworksBuildPhase section */
		D3CD4F486E2BBFF141882530 /* Frameworks */ = {
			isa = PBXFrameworksBuildPhase;
			buildActionMask = 2147483647;
			files = (
			);
			runOnlyForDeploymentPostprocessing = 0;
		};
/* End PBXFrameworksBuildPhase section */

/* Begin PBXGroup section */
		5C0F877E54C4166200DDB087 = {
			isa = PBXGroup;
			children = (
				D3CD4F486E2BBFF141882540 /* Steady */,
			);
			sourceTree = "<group>";
		};
		5C0F877E54C4166200DDB088 /* Products */ = {
			isa = PBXGroup;
			children = (
				5C0F877E54C4166200DDB088 /* Steady.app */,
			);
			name = Products;
			sourceTree = "<group>";
		};
		D3CD4F486E2BBFF141882540 /* Steady */ = {
			isa = PBXGroup;
			children = (
				D3CD4F486E2BBFF141882550 /* App */,
				D3CD4F486E2BBFF141882560 /* Core */,
				D3CD4F486E2BBFF141882570 /* UI */,
				D3CD4F486E2BBFF141882580 /* Utils */,
			);
			path = Steady;
			sourceTree = "<group>";
		};
		D3CD4F486E2BBFF141882550 /* App */ = {
			isa = PBXGroup;
			children = (
				D3CD4F486E2BBFF141882500 /* SteadyApp.swift */,
				D3CD4F486E2BBFF141882501 /* AppDelegate.swift */,
				D3CD4F486E2BBFF141882502 /* AppState.swift */,
			);
			path = App;
			sourceTree = "<group>";
		};
		D3CD4F486E2BBFF141882560 /* Core */ = {
			isa = PBXGroup;
			children = (
				D3CD4F486E2BBFF141882561 /* Models */,
				D3CD4F486E2BBFF141882562 /* Services */,
				D3CD4F486E2BBFF141882563 /* Store */,
			);
			path = Core;
			sourceTree = "<group>";
		};
		D3CD4F486E2BBFF141882561 /* Models */ = {
			isa = PBXGroup;
			children = (
				D3CD4F486E2BBFF141882503 /* Intention.swift */,
				D3CD4F486E2BBFF141882504 /* Session.swift */,
				D3CD4F486E2BBFF141882505 /* ConversationTurn.swift */,
				D3CD4F486E2BBFF141882506 /* URLClassification.swift */,
				D3CD4F486E2BBFF141882507 /* LLMConfig.swift */,
			);
			path = Models;
			sourceTree = "<group>";
		};
		D3CD4F486E2BBFF141882562 /* Services */ = {
			isa = PBXGroup;
			children = (
				D3CD4F486E2BBFF141882508 /* LLMProvider.swift */,
				D3CD4F486E2BBFF141882509 /* ConversationEngine.swift */,
				D3CD4F486E2BBFF141882510 /* URLTracker.swift */,
				D3CD4F486E2BBFF141882511 /* SessionManager.swift */,
				D3CD4F486E2BBFF141882512 /* NotificationManager.swift */,
				D3CD4F486E2BBFF141882513 /* HotkeyManager.swift */,
			);
			path = Services;
			sourceTree = "<group>";
		};
		D3CD4F486E2BBFF141882563 /* Store */ = {
			isa = PBXGroup;
			children = (
				D3CD4F486E2BBFF141882514 /* ObsidianSync.swift */,
			);
			path = Store;
			sourceTree = "<group>";
		};
		D3CD4F486E2BBFF141882570 /* UI */ = {
			isa = PBXGroup;
			children = (
				D3CD4F486E2BBFF141882515 /* MenuBarController.swift */,
				D3CD4F486E2BBFF141882516 /* ConversationPanel.swift */,
				D3CD4F486E2BBFF141882571 /* Components */,
			);
			path = UI;
			sourceTree = "<group>";
		};
		D3CD4F486E2BBFF141882571 /* Components */ = {
			isa = PBXGroup;
			children = (
				D3CD4F486E2BBFF141882517 /* IntentionCard.swift */,
				D3CD4F486E2BBFF141882518 /* SessionTimer.swift */,
				D3CD4F486E2BBFF141882519 /* EnergySlider.swift */,
				D3CD4F486E2BBFF141882520 /* StrictnessSelector.swift */,
			);
			path = Components;
			sourceTree = "<group>";
		};
		D3CD4F486E2BBFF141882580 /* Utils */ = {
			isa = PBXGroup;
			children = (
				D3CD4F486E2BBFF141882521 /* KeychainHelper.swift */,
				D3CD4F486E2BBFF141882522 /* AXHelpers.swift */,
				D3CD4F486E2BBFF141882523 /* MarkdownFormatter.swift */,
			);
			path = Utils;
			sourceTree = "<group>";
		};
/* End PBXGroup section */

/* Begin PBXNativeTarget section */
		D3CD4F486E2BBFF141882502 /* Steady */ = {
			isa = PBXNativeTarget;
			buildConfigurationList = D3CD4F486E2BBFF141882600 /* Build configuration list for PBXNativeTarget "Steady" */;
			buildPhases = (
				D3CD4F486E2BBFF141882620 /* Sources */,
				D3CD4F486E2BBFF141882530 /* Frameworks */,
			);
			buildRules = (
			);
			dependencies = (
			);
			name = Steady;
			productName = Steady;
			productReference = 5C0F877E54C4166200DDB088 /* Steady.app */;
			productType = "com.apple.product-type.application";
		};
/* End PBXNativeTarget section */

/* Begin PBXProject section */
		5C0F877E54C4166200DDB087 /* Project object */ = {
			isa = PBXProject;
			buildConfigurationList = 5C0F877E54C4166200DDB089 /* Build configuration list for PBXProject "Steady" */;
			compatibilityVersion = "Xcode 15.0";
			developmentRegion = en;
			hasScannedForEncodings = 0;
			knownRegions = (
				en,
				Base,
			);
			mainGroup = 5C0F877E54C4166200DDB087;
			productRefGroup = 5C0F877E54C4166200DDB088 /* Products */;
			projectDirPath = "";
			projectRoot = "";
			targets = (
				D3CD4F486E2BBFF141882502 /* Steady */,
			);
		};
/* End PBXProject section */

/* Begin PBXSourcesBuildPhase section */
		D3CD4F486E2BBFF141882620 /* Sources */ = {
			isa = PBXSourcesBuildPhase;
			buildActionMask = 2147483647;
			files = (
				D3CD4F486E2BBFF141882502 /* SteadyApp.swift in Sources */,
				D3CD4F486E2BBFF141882503 /* AppDelegate.swift in Sources */,
				D3CD4F486E2BBFF141882504 /* AppState.swift in Sources */,
				D3CD4F486E2BBFF141882505 /* Intention.swift in Sources */,
				D3CD4F486E2BBFF141882506 /* Session.swift in Sources */,
				D3CD4F486E2BBFF141882507 /* ConversationTurn.swift in Sources */,
				D3CD4F486E2BBFF141882508 /* URLClassification.swift in Sources */,
				D3CD4F486E2BBFF141882509 /* LLMConfig.swift in Sources */,
				D3CD4F486E2BBFF141882510 /* LLMProvider.swift in Sources */,
				D3CD4F486E2BBFF141882511 /* ConversationEngine.swift in Sources */,
				D3CD4F486E2BBFF141882512 /* URLTracker.swift in Sources */,
				D3CD4F486E2BBFF141882513 /* SessionManager.swift in Sources */,
				D3CD4F486E2BBFF141882514 /* NotificationManager.swift in Sources */,
				D3CD4F486E2BBFF141882515 /* HotkeyManager.swift in Sources */,
				D3CD4F486E2BBFF141882516 /* ObsidianSync.swift in Sources */,
				D3CD4F486E2BBFF141882517 /* MenuBarController.swift in Sources */,
				D3CD4F486E2BBFF141882518 /* ConversationPanel.swift in Sources */,
				D3CD4F486E2BBFF141882519 /* IntentionCard.swift in Sources */,
				D3CD4F486E2BBFF141882520 /* SessionTimer.swift in Sources */,
				D3CD4F486E2BBFF141882521 /* EnergySlider.swift in Sources */,
				D3CD4F486E2BBFF141882522 /* StrictnessSelector.swift in Sources */,
				D3CD4F486E2BBFF141882523 /* KeychainHelper.swift in Sources */,
				D3CD4F486E2BBFF141882524 /* AXHelpers.swift in Sources */,
				D3CD4F486E2BBFF141882525 /* MarkdownFormatter.swift in Sources */,
			);
			runOnlyForDeploymentPostprocessing = 0;
		};
/* End PBXSourcesBuildPhase section */

/* Begin XCBuildConfiguration section */
		5C0F877E54C4166200DDB08A /* Debug */ = {
			isa = XCBuildConfiguration;
			buildSettings = {
				ALWAYS_SEARCH_USER_PATHS = NO;
				ASSETCATALOG_COMPILER_GENERATE_SWIFT_ASSET_SYMBOL_EXTENSIONS = YES;
				CLANG_ANALYZER_NONNULL = YES;
				CLANG_CXX_LANGUAGE_STANDARD = "gnu++20";
				CLANG_ENABLE_MODULES = YES;
				CLANG_ENABLE_OBJC_ARC = YES;
				CLANG_ENABLE_OBJC_WEAK = YES;
				CLANG_WARN_BLOCK_CAPTURE_AUTORELEASING = YES;
				CLANG_WARN_BOOL_CONVERSION = YES;
				CLANG_WARN_COMMA = YES;
				CLANG_WARN_CONSTANT_CONVERSION = YES;
				CLANG_WARN_DEPRECATED_OBJC_IMPLEMENTATIONS = YES;
				CLANG_WARN_DIRECT_OBJC_ISA_USAGE = YES_ERROR;
				CLANG_WARN_DOCUMENTATION_COMMENTS = YES;
				CLANG_WARN_EMPTY_BODY = YES;
				CLANG_WARN_ENUM_CONVERSION = YES;
				CLANG_WARN_INFINITE_RECURSION = YES;
				CLANG_WARN_INT_CONVERSION = YES;
				CLANG_WARN_NON_LITERAL_NULL_CONVERSION = YES;
				CLANG_WARN_OBJC_IMPLICIT_RETAIN_SELF = YES;
				CLANG_WARN_OBJC_LITERAL_CONVERSION = YES;
				CLANG_WARN_OBJC_ROOT_CLASS = YES_ERROR;
				CLANG_WARN_QUOTED_INCLUDE_IN_FRAMEWORK_HEADER = YES;
				CLANG_WARN_RANGE_LOOP_ANALYSIS = YES;
				CLANG_WARN_STRICT_PROTOTYPES = YES;
				CLANG_WARN_SUSPICIOUS_MOVE = YES;
				CLANG_WARN_UNGUARDED_AVAILABILITY = YES_AGGRESSIVE;
				CLANG_WARN_UNREACHABLE_CODE = YES;
				CLANG_WARN__DUPLICATE_METHOD_MATCH = YES;
				COPY_PHASE_STRIP = NO;
				DEBUG_INFORMATION_FORMAT = dwarf;
				ENABLE_STRICT_OBJC_MSGSEND = YES;
				ENABLE_TESTABILITY = YES;
				GCC_C_LANGUAGE_STANDARD = gnu17;
				GCC_DYNAMIC_NO_PIC = NO;
				GCC_NO_COMMON_BLOCKS = YES;
				GCC_OPTIMIZATION_LEVEL = 0;
				GCC_PREPROCESSOR_DEFINITIONS = (
					"DEBUG=1",
					"$(inherited)",
				);
				GCC_WARN_64_TO_32_BIT_CONVERSION = YES;
				GCC_WARN_ABOUT_RETURN_TYPE = YES_ERROR;
				GCC_WARN_UNDECLARED_SELECTOR = YES;
				GCC_WARN_UNINITIALIZED_AUTOS = YES_AGGRESSIVE;
				GCC_WARN_UNUSED_FUNCTION = YES;
				GCC_WARN_UNUSED_VARIABLE = YES;
				LOCALIZATION_PREFERS_STRING_CATALOGS = YES;
				MACOSX_DEPLOYMENT_TARGET = 13.0;
				MTL_ENABLE_DEBUG_INFO = INCLUDE_SOURCE;
				MTL_FAST_MATH = YES;
				ONLY_ACTIVE_ARCH = YES;
				SDKROOT = macosx;
				SWIFT_ACTIVE_COMPILATION_CONDITIONS = "DEBUG $(inherited)";
				SWIFT_OPTIMIZATION_LEVEL = "-Onone";
			};
			name = Debug;
		};
		5C0F877E54C4166200DDB08B /* Release */ = {
			isa = XCBuildConfiguration;
			buildSettings = {
				ALWAYS_SEARCH_USER_PATHS = NO;
				ASSETCATALOG_COMPILER_GENERATE_SWIFT_ASSET_SYMBOL_EXTENSIONS = YES;
				CLANG_ANALYZER_NONNULL = YES;
				CLANG_CXX_LANGUAGE_STANDARD = "gnu++20";
				CLANG_ENABLE_MODULES = YES;
				CLANG_ENABLE_OBJC_ARC = YES;
				CLANG_ENABLE_OBJC_WEAK = YES;
				CLANG_WARN_BLOCK_CAPTURE_AUTORELEASING = YES;
				CLANG_WARN_BOOL_CONVERSION = YES;
				CLANG_WARN_COMMA = YES;
				CLANG_WARN_CONSTANT_CONVERSION = YES;
				CLANG_WARN_DEPRECATED_OBJC_IMPLEMENTATIONS = YES;
				CLANG_WARN_DIRECT_OBJC_ISA_USAGE = YES_ERROR;
				CLANG_WARN_DOCUMENTATION_COMMENTS = YES;
				CLANG_WARN_EMPTY_BODY = YES;
				CLANG_WARN_ENUM_CONVERSION = YES;
				CLANG_WARN_INFINITE_RECURSION = YES;
				CLANG_WARN_INT_CONVERSION = YES;
				CLANG_WARN_NON_LITERAL_NULL_CONVERSION = YES;
				CLANG_WARN_OBJC_IMPLICIT_RETAIN_SELF = YES;
				CLANG_WARN_OBJC_LITERAL_CONVERSION = YES;
				CLANG_WARN_OBJC_ROOT_CLASS = YES_ERROR;
				CLANG_WARN_QUOTED_INCLUDE_IN_FRAMEWORK_HEADER = YES;
				CLANG_WARN_RANGE_LOOP_ANALYSIS = YES;
				CLANG_WARN_STRICT_PROTOTYPES = YES;
				CLANG_WARN_SUSPICIOUS_MOVE = YES;
				CLANG_WARN_UNGUARDED_AVAILABILITY = YES_AGGRESSIVE;
				CLANG_WARN_UNREACHABLE_CODE = YES;
				CLANG_WARN__DUPLICATE_METHOD_MATCH = YES;
				COPY_PHASE_STRIP = NO;
				DEBUG_INFORMATION_FORMAT = "dwarf-with-dsym";
				ENABLE_NS_ASSERTIONS = NO;
				ENABLE_STRICT_OBJC_MSGSEND = YES;
				GCC_C_LANGUAGE_STANDARD = gnu17;
				GCC_NO_COMMON_BLOCKS = YES;
				GCC_WARN_64_TO_32_BIT_CONVERSION = YES;
				GCC_WARN_ABOUT_RETURN_TYPE = YES_ERROR;
				GCC_WARN_UNDECLARED_SELECTOR = YES;
				GCC_WARN_UNINITIALIZED_AUTOS = YES_AGGRESSIVE;
				GCC_WARN_UNUSED_FUNCTION = YES;
				GCC_WARN_UNUSED_VARIABLE = YES;
				LOCALIZATION_PREFERS_STRING_CATALOGS = YES;
				MACOSX_DEPLOYMENT_TARGET = 13.0;
				MTL_ENABLE_DEBUG_INFO = NO;
				MTL_FAST_MATH = YES;
				SDKROOT = macosx;
				SWIFT_COMPILATION_MODE = wholemodule;
			};
			name = Release;
		};
		D3CD4F486E2BBFF141882601 /* Debug */ = {
			isa = XCBuildConfiguration;
			buildSettings = {
				ASSETCATALOG_COMPILER_APPICON_NAME = AppIcon;
				ASSETCATALOG_COMPILER_GLOBAL_ACCENT_COLOR_NAME = AccentColor;
				CODE_SIGN_ENTITLEMENTS = Steady/Steady.entitlements;
				CODE_SIGN_STYLE = Automatic;
				COMBINE_HIDPI_IMAGES = YES;
				CURRENT_PROJECT_VERSION = 1;
				ENABLE_PREVIEWS = YES;
				GENERATE_INFOPLIST_FILE = YES;
				INFOPLIST_KEY_LSApplicationCategoryType = "public.app-category.productivity";
				INFOPLIST_KEY_LSUIElement = YES;
				INFOPLIST_KEY_NSAccessibilityUsageDescription = "Steady needs accessibility access to detect which websites you are visiting during focus sessions.";
				LD_RUNPATH_SEARCH_PATHS = (
					"$(inherited)",
					"@executable_path/../Frameworks",
				);
				MARKETING_VERSION = 1.0;
				PRODUCT_BUNDLE_IDENTIFIER = com.nitesh.steady;
				PRODUCT_NAME = "$(TARGET_NAME)";
				SWIFT_EMIT_LOC_STRINGS = YES;
				SWIFT_VERSION = 5.0;
			};
			name = Debug;
		};
		D3CD4F486E2BBFF141882602 /* Release */ = {
			isa = XCBuildConfiguration;
			buildSettings = {
				ASSETCATALOG_COMPILER_APPICON_NAME = AppIcon;
				ASSETCATALOG_COMPILER_GLOBAL_ACCENT_COLOR_NAME = AccentColor;
				CODE_SIGN_ENTITLEMENTS = Steady/Steady.entitlements;
				CODE_SIGN_STYLE = Automatic;
				COMBINE_HIDPI_IMAGES = YES;
				CURRENT_PROJECT_VERSION = 1;
				ENABLE_PREVIEWS = YES;
				GENERATE_INFOPLIST_FILE = YES;
				INFOPLIST_KEY_LSApplicationCategoryType = "public.app-category.productivity";
				INFOPLIST_KEY_LSUIElement = YES;
				INFOPLIST_KEY_NSAccessibilityUsageDescription = "Steady needs accessibility access to detect which websites you are visiting during focus sessions.";
				LD_RUNPATH_SEARCH_PATHS = (
					"$(inherited)",
					"@executable_path/../Frameworks",
				);
				MARKETING_VERSION = 1.0;
				PRODUCT_BUNDLE_IDENTIFIER = com.nitesh.steady;
				PRODUCT_NAME = "$(TARGET_NAME)";
				SWIFT_EMIT_LOC_STRINGS = YES;
				SWIFT_VERSION = 5.0;
			};
			name = Release;
		};
/* End XCBuildConfiguration section */

/* Begin XCConfigurationList section */
		5C0F877E54C4166200DDB089 /* Build configuration list for PBXProject "Steady" */ = {
			isa = XCConfigurationList;
			buildConfigurations = (
				5C0F877E54C4166200DDB08A /* Debug */,
				5C0F877E54C4166200DDB08B /* Release */,
			);
			defaultConfigurationIsVisible = 0;
			defaultConfigurationName = Release;
		};
		D3CD4F486E2BBFF141882600 /* Build configuration list for PBXNativeTarget "Steady" */ = {
			isa = XCConfigurationList;
			buildConfigurations = (
				D3CD4F486E2BBFF141882601 /* Debug */,
				D3CD4F486E2BBFF141882602 /* Release */,
			);
			defaultConfigurationIsVisible = 0;
			defaultConfigurationName = Release;
		};
/* End XCConfigurationList section */
	};
	rootObject = 5C0F877E54C4166200DDB087 /* Project object */;
}
